{
  "object": {
    "pins": [
      {
        "package": "BinaryCodable",
        "repositoryURL": "https://github.com/jverkoey/BinaryCodable.git",
        "state": {
          "branch": "develop",
          "revision": "14820cdbf08fd8a7a4c0a3913cf84825f0f6ec34",
          "version": null
        }
      },
      {
        "package": "Cryptor",
        "repositoryURL": "https://github.com/IBM-Swift/BlueCryptor.git",
        "state": {
          "branch": null,
          "revision": "25186dc1a53f3eb6d900853f659dff8b9af523aa",
          "version": "1.0.23"
        }
      },
      {
        "package": "Socket",
        "repositoryURL": "https://github.com/IBM-Swift/BlueSocket.git",
        "state": {
          "branch": null,
          "revision": "a40b405bdf32bc853307dd5dee8d00636e394013",
          "version": "1.0.44"
        }
      }
    ]
  },
  "version": 1
}
